
Microsoft Visual Studio Solution File, Format Version 12.00
# Visual Studio Version 17
VisualStudioVersion = 17.3.32825.248
MinimumVisualStudioVersion = 10.0.40219.1
Project("{FAE04EC0-301F-11D3-BF4B-00C04F79EFBC}") = "WpfApp1", "WpfApp1.csproj", "{0563C427-4480-43D0-A5C5-BCCECB57C1F1}"
EndProject
Global
	GlobalSection(SolutionConfigurationPlatforms) = preSolution
		Debug|Any CPU = Debug|Any CPU
		Release|Any CPU = Release|Any CPU
	EndGlobalSection
	GlobalSection(ProjectConfigurationPlatforms) = postSolution
		{0563C427-4480-43D0-A5C5-BCCECB57C1F1}.Debug|Any CPU.ActiveCfg = Debug|Any CPU
		{0563C427-4480-43D0-A5C5-BCCECB57C1F1}.Debug|Any CPU.Build.0 = Debug|Any CPU
		{0563C427-4480-43D0-A5C5-BCCECB57C1F1}.Release|Any CPU.ActiveCfg = Release|Any CPU
		{0563C427-4480-43D0-A5C5-BCCECB57C1F1}.Release|Any CPU.Build.0 = Release|Any CPU
	EndGlobalSection
	GlobalSection(SolutionProperties) = preSolution
		HideSolutionNode = FALSE
	EndGlobalSection
	GlobalSection(ExtensibilityGlobals) = postSolution
		SolutionGuid = {02B8777A-4033-4257-BE96-8AB2A7CF1681}
	EndGlobalSection
EndGlobal
